// !$*UTF8*$!
{
	archiveVersion = 1;
	classes = {
	};
	objectVersion = 46;
	objects = {

/* Begin PBXBuildFile section */
		5BE598091C22F09F004FF74A /* PDFManager.m in Sources */ = {isa = PBXBuildFile; fileRef = 5BE598081C22F09F004FF74A /* PDFManager.m */; };
		5BE598D31C230117004FF74A /* CGPDFDocument.m in Sources */ = {isa = PBXBuildFile; fileRef = 5BE598AC1C230117004FF74A /* CGPDFDocument.m */; };
		5BE598D41C230117004FF74A /* ReaderConstants.m in Sources */ = {isa = PBXBuildFile; fileRef = 5BE598AE1C230117004FF74A /* ReaderConstants.m */; };
		5BE598D51C230117004FF74A /* ReaderContentPage.m in Sources */ = {isa = PBXBuildFile; fileRef = 5BE598B01C230117004FF74A /* ReaderContentPage.m */; };
		5BE598D61C230117004FF74A /* ReaderContentTile.m in Sources */ = {isa = PBXBuildFile; fileRef = 5BE598B21C230117004FF74A /* ReaderContentTile.m */; };
		5BE598D71C230117004FF74A /* ReaderContentView.m in Sources */ = {isa = PBXBuildFile; fileRef = 5BE598B41C230117004FF74A /* ReaderContentView.m */; };
		5BE598D81C230117004FF74A /* ReaderDocument.m in Sources */ = {isa = PBXBuildFile; fileRef = 5BE598B61C230117004FF74A /* ReaderDocument.m */; };
		5BE598D91C230117004FF74A /* ReaderDocumentOutline.m in Sources */ = {isa = PBXBuildFile; fileRef = 5BE598B81C230117004FF74A /* ReaderDocumentOutline.m */; };
		5BE598DA1C230117004FF74A /* ReaderMainPagebar.m in Sources */ = {isa = PBXBuildFile; fileRef = 5BE598BA1C230117004FF74A /* ReaderMainPagebar.m */; };
		5BE598DB1C230117004FF74A /* ReaderMainToolbar.m in Sources */ = {isa = PBXBuildFile; fileRef = 5BE598BC1C230117004FF74A /* ReaderMainToolbar.m */; };
		5BE598DC1C230117004FF74A /* ReaderThumbCache.m in Sources */ = {isa = PBXBuildFile; fileRef = 5BE598BE1C230117004FF74A /* ReaderThumbCache.m */; };
		5BE598DD1C230117004FF74A /* ReaderThumbFetch.m in Sources */ = {isa = PBXBuildFile; fileRef = 5BE598C01C230117004FF74A /* ReaderThumbFetch.m */; };
		5BE598DE1C230117004FF74A /* ReaderThumbQueue.m in Sources */ = {isa = PBXBuildFile; fileRef = 5BE598C21C230117004FF74A /* ReaderThumbQueue.m */; };
		5BE598DF1C230117004FF74A /* ReaderThumbRender.m in Sources */ = {isa = PBXBuildFile; fileRef = 5BE598C41C230117004FF74A /* ReaderThumbRender.m */; };
		5BE598E01C230117004FF74A /* ReaderThumbRequest.m in Sources */ = {isa = PBXBuildFile; fileRef = 5BE598C61C230117004FF74A /* ReaderThumbRequest.m */; };
		5BE598E11C230117004FF74A /* ReaderThumbsView.m in Sources */ = {isa = PBXBuildFile; fileRef = 5BE598C81C230117004FF74A /* ReaderThumbsView.m */; };
		5BE598E21C230117004FF74A /* ReaderThumbView.m in Sources */ = {isa = PBXBuildFile; fileRef = 5BE598CA1C230117004FF74A /* ReaderThumbView.m */; };
		5BE598E31C230117004FF74A /* ReaderViewController.m in Sources */ = {isa = PBXBuildFile; fileRef = 5BE598CC1C230117004FF74A /* ReaderViewController.m */; };
		5BE598E41C230117004FF74A /* ThumbsMainToolbar.m in Sources */ = {isa = PBXBuildFile; fileRef = 5BE598CE1C230117004FF74A /* ThumbsMainToolbar.m */; };
		5BE598E51C230117004FF74A /* ThumbsViewController.m in Sources */ = {isa = PBXBuildFile; fileRef = 5BE598D01C230117004FF74A /* ThumbsViewController.m */; };
		5BE598E61C230117004FF74A /* UIXToolbarView.m in Sources */ = {isa = PBXBuildFile; fileRef = 5BE598D21C230117004FF74A /* UIXToolbarView.m */; };
		5BE598E91C2307D9004FF74A /* PDFImageConverter.m in Sources */ = {isa = PBXBuildFile; fileRef = 5BE598E71C2307D9004FF74A /* PDFImageConverter.m */; };
		DD9CBF911C21C006009C3C34 /* IPDFCameraViewController.m in Sources */ = {isa = PBXBuildFile; fileRef = DD9CBF901C21C006009C3C34 /* IPDFCameraViewController.m */; };
		DD9CBF991C21C0C3009C3C34 /* HJRTakePhotoController.m in Sources */ = {isa = PBXBuildFile; fileRef = DD9CBF971C21C0C3009C3C34 /* HJRTakePhotoController.m */; };
		DD9CBF9A1C21C0C3009C3C34 /* HJRTakePhotoController.xib in Resources */ = {isa = PBXBuildFile; fileRef = DD9CBF981C21C0C3009C3C34 /* HJRTakePhotoController.xib */; };
		DD9CBF9D1C21C26E009C3C34 /* capture_button@2x.png in Resources */ = {isa = PBXBuildFile; fileRef = DD9CBF9C1C21C26E009C3C34 /* capture_button@2x.png */; };
		DDD588A91C2066C4003C5688 /* main.m in Sources */ = {isa = PBXBuildFile; fileRef = DDD588A81C2066C4003C5688 /* main.m */; };
		DDD588AC1C2066C4003C5688 /* AppDelegate.m in Sources */ = {isa = PBXBuildFile; fileRef = DDD588AB1C2066C4003C5688 /* AppDelegate.m */; };
		DDD588AF1C2066C4003C5688 /* ViewController.m in Sources */ = {isa = PBXBuildFile; fileRef = DDD588AE1C2066C4003C5688 /* ViewController.m */; };
		DDD588B21C2066C4003C5688 /* Main.storyboard in Resources */ = {isa = PBXBuildFile; fileRef = DDD588B01C2066C4003C5688 /* Main.storyboard */; };
		DDD588B41C2066C4003C5688 /* Assets.xcassets in Resources */ = {isa = PBXBuildFile; fileRef = DDD588B31C2066C4003C5688 /* Assets.xcassets */; };
		DDD588B71C2066C4003C5688 /* LaunchScreen.storyboard in Resources */ = {isa = PBXBuildFile; fileRef = DDD588B51C2066C4003C5688 /* LaunchScreen.storyboard */; };
		DDD588C21C2066C4003C5688 /* ScannerTests.m in Sources */ = {isa = PBXBuildFile; fileRef = DDD588C11C2066C4003C5688 /* ScannerTests.m */; };
		DDD588CD1C2066C4003C5688 /* ScannerUITests.m in Sources */ = {isa = PBXBuildFile; fileRef = DDD588CC1C2066C4003C5688 /* ScannerUITests.m */; };
/* End PBXBuildFile section */

/* Begin PBXContainerItemProxy section */
		DDD588BE1C2066C4003C5688 /* PBXContainerItemProxy */ = {
			isa = PBXContainerItemProxy;
			containerPortal = DDD5889C1C2066C4003C5688 /* Project object */;
			proxyType = 1;
			remoteGlobalIDString = DDD588A31C2066C4003C5688;
			remoteInfo = Scanner;
		};
		DDD588C91C2066C4003C5688 /* PBXContainerItemProxy */ = {
			isa = PBXContainerItemProxy;
			containerPortal = DDD5889C1C2066C4003C5688 /* Project object */;
			proxyType = 1;
			remoteGlobalIDString = DDD588A31C2066C4003C5688;
			remoteInfo = Scanner;
		};
/* End PBXContainerItemProxy section */

/* Begin PBXFileReference section */
		5BE598071C22F09F004FF74A /* PDFManager.h */ = {isa = PBXFileReference; fileEncoding = 4; lastKnownFileType = sourcecode.c.h; path = PDFManager.h; sourceTree = "<group>"; };
		5BE598081C22F09F004FF74A /* PDFManager.m */ = {isa = PBXFileReference; fileEncoding = 4; lastKnownFileType = sourcecode.c.objc; path = PDFManager.m; sourceTree = "<group>"; };
		5BE598AB1C230117004FF74A /* CGPDFDocument.h */ = {isa = PBXFileReference; fileEncoding = 4; lastKnownFileType = sourcecode.c.h; path = CGPDFDocument.h; sourceTree = "<group>"; };
		5BE598AC1C230117004FF74A /* CGPDFDocument.m */ = {isa = PBXFileReference; fileEncoding = 4; lastKnownFileType = sourcecode.c.objc; path = CGPDFDocument.m; sourceTree = "<group>"; };
		5BE598AD1C230117004FF74A /* ReaderConstants.h */ = {isa = PBXFileReference; fileEncoding = 4; lastKnownFileType = sourcecode.c.h; path = ReaderConstants.h; sourceTree = "<group>"; };
		5BE598AE1C230117004FF74A /* ReaderConstants.m */ = {isa = PBXFileReference; fileEncoding = 4; lastKnownFileType = sourcecode.c.objc; path = ReaderConstants.m; sourceTree = "<group>"; };
		5BE598AF1C230117004FF74A /* ReaderContentPage.h */ = {isa = PBXFileReference; fileEncoding = 4; lastKnownFileType = sourcecode.c.h; path = ReaderContentPage.h; sourceTree = "<group>"; };
		5BE598B01C230117004FF74A /* ReaderContentPage.m */ = {isa = PBXFileReference; fileEncoding = 4; lastKnownFileType = sourcecode.c.objc; path = ReaderContentPage.m; sourceTree = "<group>"; };
		5BE598B11C230117004FF74A /* ReaderContentTile.h */ = {isa = PBXFileReference; fileEncoding = 4; lastKnownFileType = sourcecode.c.h; path = ReaderContentTile.h; sourceTree = "<group>"; };
		5BE598B21C230117004FF74A /* ReaderContentTile.m */ = {isa = PBXFileReference; fileEncoding = 4; lastKnownFileType = sourcecode.c.objc; path = ReaderContentTile.m; sourceTree = "<group>"; };
		5BE598B31C230117004FF74A /* ReaderContentView.h */ = {isa = PBXFileReference; fileEncoding = 4; lastKnownFileType = sourcecode.c.h; path = ReaderContentView.h; sourceTree = "<group>"; };
		5BE598B41C230117004FF74A /* ReaderContentView.m */ = {isa = PBXFileReference; fileEncoding = 4; lastKnownFileType = sourcecode.c.objc; path = ReaderContentView.m; sourceTree = "<group>"; };
		5BE598B51C230117004FF74A /* ReaderDocument.h */ = {isa = PBXFileReference; fileEncoding = 4; lastKnownFileType = sourcecode.c.h; path = ReaderDocument.h; sourceTree = "<group>"; };
		5BE598B61C230117004FF74A /* ReaderDocument.m */ = {isa = PBXFileReference; fileEncoding = 4; lastKnownFileType = sourcecode.c.objc; path = ReaderDocument.m; sourceTree = "<group>"; };
		5BE598B71C230117004FF74A /* ReaderDocumentOutline.h */ = {isa = PBXFileReference; fileEncoding = 4; lastKnownFileType = sourcecode.c.h; path = ReaderDocumentOutline.h; sourceTree = "<group>"; };
		5BE598B81C230117004FF74A /* ReaderDocumentOutline.m */ = {isa = PBXFileReference; fileEncoding = 4; lastKnownFileType = sourcecode.c.objc; path = ReaderDocumentOutline.m; sourceTree = "<group>"; };
		5BE598B91C230117004FF74A /* ReaderMainPagebar.h */ = {isa = PBXFileReference; fileEncoding = 4; lastKnownFileType = sourcecode.c.h; path = ReaderMainPagebar.h; sourceTree = "<group>"; };
		5BE598BA1C230117004FF74A /* ReaderMainPagebar.m */ = {isa = PBXFileReference; fileEncoding = 4; lastKnownFileType = sourcecode.c.objc; path = ReaderMainPagebar.m; sourceTree = "<group>"; };
		5BE598BB1C230117004FF74A /* ReaderMainToolbar.h */ = {isa = PBXFileReference; fileEncoding = 4; lastKnownFileType = sourcecode.c.h; path = ReaderMainToolbar.h; sourceTree = "<group>"; };
		5BE598BC1C230117004FF74A /* ReaderMainToolbar.m */ = {isa = PBXFileReference; fileEncoding = 4; lastKnownFileType = sourcecode.c.objc; path = ReaderMainToolbar.m; sourceTree = "<group>"; };
		5BE598BD1C230117004FF74A /* ReaderThumbCache.h */ = {isa = PBXFileReference; fileEncoding = 4; lastKnownFileType = sourcecode.c.h; path = ReaderThumbCache.h; sourceTree = "<group>"; };
		5BE598BE1C230117004FF74A /* ReaderThumbCache.m */ = {isa = PBXFileReference; fileEncoding = 4; lastKnownFileType = sourcecode.c.objc; path = ReaderThumbCache.m; sourceTree = "<group>"; };
		5BE598BF1C230117004FF74A /* ReaderThumbFetch.h */ = {isa = PBXFileReference; fileEncoding = 4; lastKnownFileType = sourcecode.c.h; path = ReaderThumbFetch.h; sourceTree = "<group>"; };
		5BE598C01C230117004FF74A /* ReaderThumbFetch.m */ = {isa = PBXFileReference; fileEncoding = 4; lastKnownFileType = sourcecode.c.objc; path = ReaderThumbFetch.m; sourceTree = "<group>"; };
		5BE598C11C230117004FF74A /* ReaderThumbQueue.h */ = {isa = PBXFileReference; fileEncoding = 4; lastKnownFileType = sourcecode.c.h; path = ReaderThumbQueue.h; sourceTree = "<group>"; };
		5BE598C21C230117004FF74A /* ReaderThumbQueue.m */ = {isa = PBXFileReference; fileEncoding = 4; lastKnownFileType = sourcecode.c.objc; path = ReaderThumbQueue.m; sourceTree = "<group>"; };
		5BE598C31C230117004FF74A /* ReaderThumbRender.h */ = {isa = PBXFileReference; fileEncoding = 4; lastKnownFileType = sourcecode.c.h; path = ReaderThumbRender.h; sourceTree = "<group>"; };
		5BE598C41C230117004FF74A /* ReaderThumbRender.m */ = {isa = PBXFileReference; fileEncoding = 4; lastKnownFileType = sourcecode.c.objc; path = ReaderThumbRender.m; sourceTree = "<group>"; };
		5BE598C51C230117004FF74A /* ReaderThumbRequest.h */ = {isa = PBXFileReference; fileEncoding = 4; lastKnownFileType = sourcecode.c.h; path = ReaderThumbRequest.h; sourceTree = "<group>"; };
		5BE598C61C230117004FF74A /* ReaderThumbRequest.m */ = {isa = PBXFileReference; fileEncoding = 4; lastKnownFileType = sourcecode.c.objc; path = ReaderThumbRequest.m; sourceTree = "<group>"; };
		5BE598C71C230117004FF74A /* ReaderThumbsView.h */ = {isa = PBXFileReference; fileEncoding = 4; lastKnownFileType = sourcecode.c.h; path = ReaderThumbsView.h; sourceTree = "<group>"; };
		5BE598C81C230117004FF74A /* ReaderThumbsView.m */ = {isa = PBXFileReference; fileEncoding = 4; lastKnownFileType = sourcecode.c.objc; path = ReaderThumbsView.m; sourceTree = "<group>"; };
		5BE598C91C230117004FF74A /* ReaderThumbView.h */ = {isa = PBXFileReference; fileEncoding = 4; lastKnownFileType = sourcecode.c.h; path = ReaderThumbView.h; sourceTree = "<group>"; };
		5BE598CA1C230117004FF74A /* ReaderThumbView.m */ = {isa = PBXFileReference; fileEncoding = 4; lastKnownFileType = sourcecode.c.objc; path = ReaderThumbView.m; sourceTree = "<group>"; };
		5BE598CB1C230117004FF74A /* ReaderViewController.h */ = {isa = PBXFileReference; fileEncoding = 4; lastKnownFileType = sourcecode.c.h; path = ReaderViewController.h; sourceTree = "<group>"; };
		5BE598CC1C230117004FF74A /* ReaderViewController.m */ = {isa = PBXFileReference; fileEncoding = 4; lastKnownFileType = sourcecode.c.objc; path = ReaderViewController.m; sourceTree = "<group>"; };
		5BE598CD1C230117004FF74A /* ThumbsMainToolbar.h */ = {isa = PBXFileReference; fileEncoding = 4; lastKnownFileType = sourcecode.c.h; path = ThumbsMainToolbar.h; sourceTree = "<group>"; };
		5BE598CE1C230117004FF74A /* ThumbsMainToolbar.m */ = {isa = PBXFileReference; fileEncoding = 4; lastKnownFileType = sourcecode.c.objc; path = ThumbsMainToolbar.m; sourceTree = "<group>"; };
		5BE598CF1C230117004FF74A /* ThumbsViewController.h */ = {isa = PBXFileReference; fileEncoding = 4; lastKnownFileType = sourcecode.c.h; path = ThumbsViewController.h; sourceTree = "<group>"; };
		5BE598D01C230117004FF74A /* ThumbsViewController.m */ = {isa = PBXFileReference; fileEncoding = 4; lastKnownFileType = sourcecode.c.objc; path = ThumbsViewController.m; sourceTree = "<group>"; };
		5BE598D11C230117004FF74A /* UIXToolbarView.h */ = {isa = PBXFileReference; fileEncoding = 4; lastKnownFileType = sourcecode.c.h; path = UIXToolbarView.h; sourceTree = "<group>"; };
		5BE598D21C230117004FF74A /* UIXToolbarView.m */ = {isa = PBXFileReference; fileEncoding = 4; lastKnownFileType = sourcecode.c.objc; path = UIXToolbarView.m; sourceTree = "<group>"; };
		5BE598E71C2307D9004FF74A /* PDFImageConverter.m */ = {isa = PBXFileReference; fileEncoding = 4; lastKnownFileType = sourcecode.c.objc; path = PDFImageConverter.m; sourceTree = "<group>"; };
		5BE598E81C2307D9004FF74A /* PDFImageConverter.h */ = {isa = PBXFileReference; fileEncoding = 4; lastKnownFileType = sourcecode.c.h; path = PDFImageConverter.h; sourceTree = "<group>"; };
		DD9CBF8F1C21C006009C3C34 /* IPDFCameraViewController.h */ = {isa = PBXFileReference; fileEncoding = 4; lastKnownFileType = sourcecode.c.h; path = IPDFCameraViewController.h; sourceTree = "<group>"; };
		DD9CBF901C21C006009C3C34 /* IPDFCameraViewController.m */ = {isa = PBXFileReference; fileEncoding = 4; lastKnownFileType = sourcecode.c.objc; path = IPDFCameraViewController.m; sourceTree = "<group>"; };
		DD9CBF961C21C0C3009C3C34 /* HJRTakePhotoController.h */ = {isa = PBXFileReference; fileEncoding = 4; lastKnownFileType = sourcecode.c.h; path = HJRTakePhotoController.h; sourceTree = "<group>"; };
		DD9CBF971C21C0C3009C3C34 /* HJRTakePhotoController.m */ = {isa = PBXFileReference; fileEncoding = 4; lastKnownFileType = sourcecode.c.objc; path = HJRTakePhotoController.m; sourceTree = "<group>"; };
		DD9CBF981C21C0C3009C3C34 /* HJRTakePhotoController.xib */ = {isa = PBXFileReference; fileEncoding = 4; lastKnownFileType = file.xib; path = HJRTakePhotoController.xib; sourceTree = "<group>"; };
		DD9CBF9C1C21C26E009C3C34 /* capture_button@2x.png */ = {isa = PBXFileReference; lastKnownFileType = image.png; path = "capture_button@2x.png"; sourceTree = "<group>"; };
		DDD588A41C2066C4003C5688 /* Scanner.app */ = {isa = PBXFileReference; explicitFileType = wrapper.application; includeInIndex = 0; path = Scanner.app; sourceTree = BUILT_PRODUCTS_DIR; };
		DDD588A81C2066C4003C5688 /* main.m */ = {isa = PBXFileReference; lastKnownFileType = sourcecode.c.objc; path = main.m; sourceTree = "<group>"; };
		DDD588AA1C2066C4003C5688 /* AppDelegate.h */ = {isa = PBXFileReference; lastKnownFileType = sourcecode.c.h; path = AppDelegate.h; sourceTree = "<group>"; };
		DDD588AB1C2066C4003C5688 /* AppDelegate.m */ = {isa = PBXFileReference; lastKnownFileType = sourcecode.c.objc; path = AppDelegate.m; sourceTree = "<group>"; };
		DDD588AD1C2066C4003C5688 /* ViewController.h */ = {isa = PBXFileReference; lastKnownFileType = sourcecode.c.h; path = ViewController.h; sourceTree = "<group>"; };
		DDD588AE1C2066C4003C5688 /* ViewController.m */ = {isa = PBXFileReference; lastKnownFileType = sourcecode.c.objc; path = ViewController.m; sourceTree = "<group>"; };
		DDD588B11C2066C4003C5688 /* Base */ = {isa = PBXFileReference; lastKnownFileType = file.storyboard; name = Base; path = Base.lproj/Main.storyboard; sourceTree = "<group>"; };
		DDD588B31C2066C4003C5688 /* Assets.xcassets */ = {isa = PBXFileReference; lastKnownFileType = folder.assetcatalog; path = Assets.xcassets; sourceTree = "<group>"; };
		DDD588B61C2066C4003C5688 /* Base */ = {isa = PBXFileReference; lastKnownFileType = file.storyboard; name = Base; path = Base.lproj/LaunchScreen.storyboard; sourceTree = "<group>"; };
		DDD588B81C2066C4003C5688 /* Info.plist */ = {isa = PBXFileReference; lastKnownFileType = text.plist.xml; path = Info.plist; sourceTree = "<group>"; };
		DDD588BD1C2066C4003C5688 /* ScannerTests.xctest */ = {isa = PBXFileReference; explicitFileType = wrapper.cfbundle; includeInIndex = 0; path = ScannerTests.xctest; sourceTree = BUILT_PRODUCTS_DIR; };
		DDD588C11C2066C4003C5688 /* ScannerTests.m */ = {isa = PBXFileReference; lastKnownFileType = sourcecode.c.objc; path = ScannerTests.m; sourceTree = "<group>"; };
		DDD588C31C2066C4003C5688 /* Info.plist */ = {isa = PBXFileReference; lastKnownFileType = text.plist.xml; path = Info.plist; sourceTree = "<group>"; };
		DDD588C81C2066C4003C5688 /* ScannerUITests.xctest */ = {isa = PBXFileReference; explicitFileType = wrapper.cfbundle; includeInIndex = 0; path = ScannerUITests.xctest; sourceTree = BUILT_PRODUCTS_DIR; };
		DDD588CC1C2066C4003C5688 /* ScannerUITests.m */ = {isa = PBXFileReference; lastKnownFileType = sourcecode.c.objc; path = ScannerUITests.m; sourceTree = "<group>"; };
		DDD588CE1C2066C4003C5688 /* Info.plist */ = {isa = PBXFileReference; lastKnownFileType = text.plist.xml; path = Info.plist; sourceTree = "<group>"; };
/* End PBXFileReference section */

/* Begin PBXFrameworksBuildPhase section */
		DDD588A11C2066C4003C5688 /* Frameworks */ = {
			isa = PBXFrameworksBuildPhase;
			buildActionMask = 2147483647;
			files = (
			);
			runOnlyForDeploymentPostprocessing = 0;
		};
		DDD588BA1C2066C4003C5688 /* Frameworks */ = {
			isa = PBXFrameworksBuildPhase;
			buildActionMask = 2147483647;
			files = (
			);
			runOnlyForDeploymentPostprocessing = 0;
		};
		DDD588C51C2066C4003C5688 /* Frameworks */ = {
			isa = PBXFrameworksBuildPhase;
			buildActionMask = 2147483647;
			files = (
			);
			runOnlyForDeploymentPostprocessing = 0;
		};
/* End PBXFrameworksBuildPhase section */

/* Begin PBXGroup section */
		5BE598061C22F082004FF74A /* Utilities */ = {
			isa = PBXGroup;
			children = (
				5BE598071C22F09F004FF74A /* PDFManager.h */,
				5BE598081C22F09F004FF74A /* PDFManager.m */,
			);
			path = Utilities;
			sourceTree = "<group>";
		};
		5BE598A91C23009A004FF74A /* IPDFCameraViewController */ = {
			isa = PBXGroup;
			children = (
				DD9CBF8F1C21C006009C3C34 /* IPDFCameraViewController.h */,
				DD9CBF901C21C006009C3C34 /* IPDFCameraViewController.m */,
			);
			name = IPDFCameraViewController;
			sourceTree = "<group>";
		};
		5BE598AA1C230117004FF74A /* Sources */ = {
			isa = PBXGroup;
			children = (
				5BE598AB1C230117004FF74A /* CGPDFDocument.h */,
				5BE598AC1C230117004FF74A /* CGPDFDocument.m */,
				5BE598AD1C230117004FF74A /* ReaderConstants.h */,
				5BE598AE1C230117004FF74A /* ReaderConstants.m */,
				5BE598AF1C230117004FF74A /* ReaderContentPage.h */,
				5BE598B01C230117004FF74A /* ReaderContentPage.m */,
				5BE598B11C230117004FF74A /* ReaderContentTile.h */,
				5BE598B21C230117004FF74A /* ReaderContentTile.m */,
				5BE598B31C230117004FF74A /* ReaderContentView.h */,
				5BE598B41C230117004FF74A /* ReaderContentView.m */,
				5BE598B51C230117004FF74A /* ReaderDocument.h */,
				5BE598B61C230117004FF74A /* ReaderDocument.m */,
				5BE598B71C230117004FF74A /* ReaderDocumentOutline.h */,
				5BE598B81C230117004FF74A /* ReaderDocumentOutline.m */,
				5BE598B91C230117004FF74A /* ReaderMainPagebar.h */,
				5BE598BA1C230117004FF74A /* ReaderMainPagebar.m */,
				5BE598BB1C230117004FF74A /* ReaderMainToolbar.h */,
				5BE598BC1C230117004FF74A /* ReaderMainToolbar.m */,
				5BE598BD1C230117004FF74A /* ReaderThumbCache.h */,
				5BE598BE1C230117004FF74A /* ReaderThumbCache.m */,
				5BE598BF1C230117004FF74A /* ReaderThumbFetch.h */,
				5BE598C01C230117004FF74A /* ReaderThumbFetch.m */,
				5BE598C11C230117004FF74A /* ReaderThumbQueue.h */,
				5BE598C21C230117004FF74A /* ReaderThumbQueue.m */,
				5BE598C31C230117004FF74A /* ReaderThumbRender.h */,
				5BE598C41C230117004FF74A /* ReaderThumbRender.m */,
				5BE598C51C230117004FF74A /* ReaderThumbRequest.h */,
				5BE598C61C230117004FF74A /* ReaderThumbRequest.m */,
				5BE598C71C230117004FF74A /* ReaderThumbsView.h */,
				5BE598C81C230117004FF74A /* ReaderThumbsView.m */,
				5BE598C91C230117004FF74A /* ReaderThumbView.h */,
				5BE598CA1C230117004FF74A /* ReaderThumbView.m */,
				5BE598CB1C230117004FF74A /* ReaderViewController.h */,
				5BE598CC1C230117004FF74A /* ReaderViewController.m */,
				5BE598CD1C230117004FF74A /* ThumbsMainToolbar.h */,
				5BE598CE1C230117004FF74A /* ThumbsMainToolbar.m */,
				5BE598CF1C230117004FF74A /* ThumbsViewController.h */,
				5BE598D01C230117004FF74A /* ThumbsViewController.m */,
				5BE598D11C230117004FF74A /* UIXToolbarView.h */,
				5BE598D21C230117004FF74A /* UIXToolbarView.m */,
			);
			path = Sources;
			sourceTree = "<group>";
		};
		5BE598EA1C2307DD004FF74A /* PDFImageConverter */ = {
			isa = PBXGroup;
			children = (
				5BE598E81C2307D9004FF74A /* PDFImageConverter.h */,
				5BE598E71C2307D9004FF74A /* PDFImageConverter.m */,
			);
			name = PDFImageConverter;
			sourceTree = "<group>";
		};
		DD9CBF781C21BFBE009C3C34 /* thirdLibrary */ = {
			isa = PBXGroup;
			children = (
				5BE598EA1C2307DD004FF74A /* PDFImageConverter */,
				5BE598AA1C230117004FF74A /* Sources */,
				5BE598A91C23009A004FF74A /* IPDFCameraViewController */,
			);
			path = thirdLibrary;
			sourceTree = "<group>";
		};
		DD9CBF921C21C04F009C3C34 /* Classes */ = {
			isa = PBXGroup;
			children = (
				DD9CBF961C21C0C3009C3C34 /* HJRTakePhotoController.h */,
				DD9CBF971C21C0C3009C3C34 /* HJRTakePhotoController.m */,
				DD9CBF981C21C0C3009C3C34 /* HJRTakePhotoController.xib */,
			);
			path = Classes;
			sourceTree = "<group>";
		};
		DD9CBF9B1C21C266009C3C34 /* Resources */ = {
			isa = PBXGroup;
			children = (
				DD9CBF9C1C21C26E009C3C34 /* capture_button@2x.png */,
			);
			path = Resources;
			sourceTree = "<group>";
		};
		DDD5889B1C2066C4003C5688 = {
			isa = PBXGroup;
			children = (
				DDD588A61C2066C4003C5688 /* Scanner */,
				DDD588C01C2066C4003C5688 /* ScannerTests */,
				DDD588CB1C2066C4003C5688 /* ScannerUITests */,
				DDD588A51C2066C4003C5688 /* Products */,
			);
			sourceTree = "<group>";
		};
		DDD588A51C2066C4003C5688 /* Products */ = {
			isa = PBXGroup;
			children = (
				DDD588A41C2066C4003C5688 /* Scanner.app */,
				DDD588BD1C2066C4003C5688 /* ScannerTests.xctest */,
				DDD588C81C2066C4003C5688 /* ScannerUITests.xctest */,
			);
			name = Products;
			sourceTree = "<group>";
		};
		DDD588A61C2066C4003C5688 /* Scanner */ = {
			isa = PBXGroup;
			children = (
				5BE598061C22F082004FF74A /* Utilities */,
				DD9CBF921C21C04F009C3C34 /* Classes */,
				DD9CBF781C21BFBE009C3C34 /* thirdLibrary */,
				DDD588AA1C2066C4003C5688 /* AppDelegate.h */,
				DDD588AB1C2066C4003C5688 /* AppDelegate.m */,
				DDD588AD1C2066C4003C5688 /* ViewController.h */,
				DDD588AE1C2066C4003C5688 /* ViewController.m */,
				DDD588B01C2066C4003C5688 /* Main.storyboard */,
				DDD588B31C2066C4003C5688 /* Assets.xcassets */,
				DDD588B51C2066C4003C5688 /* LaunchScreen.storyboard */,
				DDD588B81C2066C4003C5688 /* Info.plist */,
				DDD588A71C2066C4003C5688 /* Supporting Files */,
			);
			path = Scanner;
			sourceTree = "<group>";
		};
		DDD588A71C2066C4003C5688 /* Supporting Files */ = {
			isa = PBXGroup;
			children = (
				DD9CBF9B1C21C266009C3C34 /* Resources */,
				DDD588A81C2066C4003C5688 /* main.m */,
			);
			name = "Supporting Files";
			sourceTree = "<group>";
		};
		DDD588C01C2066C4003C5688 /* ScannerTests */ = {
			isa = PBXGroup;
			children = (
				DDD588C11C2066C4003C5688 /* ScannerTests.m */,
				DDD588C31C2066C4003C5688 /* Info.plist */,
			);
			path = ScannerTests;
			sourceTree = "<group>";
		};
		DDD588CB1C2066C4003C5688 /* ScannerUITests */ = {
			isa = PBXGroup;
			children = (
				DDD588CC1C2066C4003C5688 /* ScannerUITests.m */,
				DDD588CE1C2066C4003C5688 /* Info.plist */,
			);
			path = ScannerUITests;
			sourceTree = "<group>";
		};
/* End PBXGroup section */

/* Begin PBXNativeTarget section */
		DDD588A31C2066C4003C5688 /* Scanner */ = {
			isa = PBXNativeTarget;
			buildConfigurationList = DDD588D11C2066C4003C5688 /* Build configuration list for PBXNativeTarget "Scanner" */;
			buildPhases = (
				DDD588A01C2066C4003C5688 /* Sources */,
				DDD588A11C2066C4003C5688 /* Frameworks */,
				DDD588A21C2066C4003C5688 /* Resources */,
			);
			buildRules = (
			);
			dependencies = (
			);
			name = Scanner;
			productName = Scanner;
			productReference = DDD588A41C2066C4003C5688 /* Scanner.app */;
			productType = "com.apple.product-type.application";
		};
		DDD588BC1C2066C4003C5688 /* ScannerTests */ = {
			isa = PBXNativeTarget;
			buildConfigurationList = DDD588D41C2066C4003C5688 /* Build configuration list for PBXNativeTarget "ScannerTests" */;
			buildPhases = (
				DDD588B91C2066C4003C5688 /* Sources */,
				DDD588BA1C2066C4003C5688 /* Frameworks */,
				DDD588BB1C2066C4003C5688 /* Resources */,
			);
			buildRules = (
			);
			dependencies = (
				DDD588BF1C2066C4003C5688 /* PBXTargetDependency */,
			);
			name = ScannerTests;
			productName = ScannerTests;
			productReference = DDD588BD1C2066C4003C5688 /* ScannerTests.xctest */;
			productType = "com.apple.product-type.bundle.unit-test";
		};
		DDD588C71C2066C4003C5688 /* ScannerUITests */ = {
			isa = PBXNativeTarget;
			buildConfigurationList = DDD588D71C2066C4003C5688 /* Build configuration list for PBXNativeTarget "ScannerUITests" */;
			buildPhases = (
				DDD588C41C2066C4003C5688 /* Sources */,
				DDD588C51C2066C4003C5688 /* Frameworks */,
				DDD588C61C2066C4003C5688 /* Resources */,
			);
			buildRules = (
			);
			dependencies = (
				DDD588CA1C2066C4003C5688 /* PBXTargetDependency */,
			);
			name = ScannerUITests;
			productName = ScannerUITests;
			productReference = DDD588C81C2066C4003C5688 /* ScannerUITests.xctest */;
			productType = "com.apple.product-type.bundle.ui-testing";
		};
/* End PBXNativeTarget section */

/* Begin PBXProject section */
		DDD5889C1C2066C4003C5688 /* Project object */ = {
			isa = PBXProject;
			attributes = {
				LastUpgradeCheck = 0710;
				ORGANIZATIONNAME = JianRongHui;
				TargetAttributes = {
					DDD588A31C2066C4003C5688 = {
						CreatedOnToolsVersion = 7.1.1;
					};
					DDD588BC1C2066C4003C5688 = {
						CreatedOnToolsVersion = 7.1.1;
						TestTargetID = DDD588A31C2066C4003C5688;
					};
					DDD588C71C2066C4003C5688 = {
						CreatedOnToolsVersion = 7.1.1;
						TestTargetID = DDD588A31C2066C4003C5688;
					};
				};
			};
			buildConfigurationList = DDD5889F1C2066C4003C5688 /* Build configuration list for PBXProject "Scanner" */;
			compatibilityVersion = "Xcode 3.2";
			developmentRegion = English;
			hasScannedForEncodings = 0;
			knownRegions = (
				en,
				Base,
				de,
				es,
				fr,
			);
			mainGroup = DDD5889B1C2066C4003C5688;
			productRefGroup = DDD588A51C2066C4003C5688 /* Products */;
			projectDirPath = "";
			projectRoot = "";
			targets = (
				DDD588A31C2066C4003C5688 /* Scanner */,
				DDD588BC1C2066C4003C5688 /* ScannerTests */,
				DDD588C71C2066C4003C5688 /* ScannerUITests */,
			);
		};
/* End PBXProject section */

/* Begin PBXResourcesBuildPhase section */
		DDD588A21C2066C4003C5688 /* Resources */ = {
			isa = PBXResourcesBuildPhase;
			buildActionMask = 2147483647;
			files = (
				DDD588B71C2066C4003C5688 /* LaunchScreen.storyboard in Resources */,
				DDD588B41C2066C4003C5688 /* Assets.xcassets in Resources */,
				DD9CBF9A1C21C0C3009C3C34 /* HJRTakePhotoController.xib in Resources */,
				DD9CBF9D1C21C26E009C3C34 /* capture_button@2x.png in Resources */,
				DDD588B21C2066C4003C5688 /* Main.storyboard in Resources */,
			);
			runOnlyForDeploymentPostprocessing = 0;
		};
		DDD588BB1C2066C4003C5688 /* Resources */ = {
			isa = PBXResourcesBuildPhase;
			buildActionMask = 2147483647;
			files = (
			);
			runOnlyForDeploymentPostprocessing = 0;
		};
		DDD588C61C2066C4003C5688 /* Resources */ = {
			isa = PBXResourcesBuildPhase;
			buildActionMask = 2147483647;
			files = (
			);
			runOnlyForDeploymentPostprocessing = 0;
		};
/* End PBXResourcesBuildPhase section */

/* Begin PBXSourcesBuildPhase section */
		DDD588A01C2066C4003C5688 /* Sources */ = {
			isa = PBXSourcesBuildPhase;
			buildActionMask = 2147483647;
			files = (
				DD9CBF911C21C006009C3C34 /* IPDFCameraViewController.m in Sources */,
				5BE598E41C230117004FF74A /* ThumbsMainToolbar.m in Sources */,
				DDD588AF1C2066C4003C5688 /* ViewController.m in Sources */,
				5BE598E51C230117004FF74A /* ThumbsViewController.m in Sources */,
				DD9CBF991C21C0C3009C3C34 /* HJRTakePhotoController.m in Sources */,
				5BE598D71C230117004FF74A /* ReaderContentView.m in Sources */,
				5BE598DC1C230117004FF74A /* ReaderThumbCache.m in Sources */,
				5BE598DA1C230117004FF74A /* ReaderMainPagebar.m in Sources */,
				5BE598D31C230117004FF74A /* CGPDFDocument.m in Sources */,
				5BE598D81C230117004FF74A /* ReaderDocument.m in Sources */,
				5BE598E21C230117004FF74A /* ReaderThumbView.m in Sources */,
				5BE598E91C2307D9004FF74A /* PDFImageConverter.m in Sources */,
				5BE598E11C230117004FF74A /* ReaderThumbsView.m in Sources */,
				5BE598D51C230117004FF74A /* ReaderContentPage.m in Sources */,
				5BE598DE1C230117004FF74A /* ReaderThumbQueue.m in Sources */,
				5BE598D41C230117004FF74A /* ReaderConstants.m in Sources */,
				5BE598E01C230117004FF74A /* ReaderThumbRequest.m in Sources */,
				5BE598DD1C230117004FF74A /* ReaderThumbFetch.m in Sources */,
				5BE598E31C230117004FF74A /* ReaderViewController.m in Sources */,
				5BE598D91C230117004FF74A /* ReaderDocumentOutline.m in Sources */,
				DDD588AC1C2066C4003C5688 /* AppDelegate.m in Sources */,
				5BE598091C22F09F004FF74A /* PDFManager.m in Sources */,
				5BE598E61C230117004FF74A /* UIXToolbarView.m in Sources */,
				5BE598D61C230117004FF74A /* ReaderContentTile.m in Sources */,
				5BE598DF1C230117004FF74A /* ReaderThumbRender.m in Sources */,
				5BE598DB1C230117004FF74A /* ReaderMainToolbar.m in Sources */,
				DDD588A91C2066C4003C5688 /* main.m in Sources */,
			);
			runOnlyForDeploymentPostprocessing = 0;
		};
		DDD588B91C2066C4003C5688 /* Sources */ = {
			isa = PBXSourcesBuildPhase;
			buildActionMask = 2147483647;
			files = (
				DDD588C21C2066C4003C5688 /* ScannerTests.m in Sources */,
			);
			runOnlyForDeploymentPostprocessing = 0;
		};
		DDD588C41C2066C4003C5688 /* Sources */ = {
			isa = PBXSourcesBuildPhase;
			buildActionMask = 2147483647;
			files = (
				DDD588CD1C2066C4003C5688 /* ScannerUITests.m in Sources */,
			);
			runOnlyForDeploymentPostprocessing = 0;
		};
/* End PBXSourcesBuildPhase section */

/* Begin PBXTargetDependency section */
		DDD588BF1C2066C4003C5688 /* PBXTargetDependency */ = {
			isa = PBXTargetDependency;
			target = DDD588A31C2066C4003C5688 /* Scanner */;
			targetProxy = DDD588BE1C2066C4003C5688 /* PBXContainerItemProxy */;
		};
		DDD588CA1C2066C4003C5688 /* PBXTargetDependency */ = {
			isa = PBXTargetDependency;
			target = DDD588A31C2066C4003C5688 /* Scanner */;
			targetProxy = DDD588C91C2066C4003C5688 /* PBXContainerItemProxy */;
		};
/* End PBXTargetDependency section */

/* Begin PBXVariantGroup section */
		DDD588B01C2066C4003C5688 /* Main.storyboard */ = {
			isa = PBXVariantGroup;
			children = (
				DDD588B11C2066C4003C5688 /* Base */,
			);
			name = Main.storyboard;
			sourceTree = "<group>";
		};
		DDD588B51C2066C4003C5688 /* LaunchScreen.storyboard */ = {
			isa = PBXVariantGroup;
			children = (
				DDD588B61C2066C4003C5688 /* Base */,
			);
			name = LaunchScreen.storyboard;
			sourceTree = "<group>";
		};
/* End PBXVariantGroup section */

/* Begin XCBuildConfiguration section */
		DDD588CF1C2066C4003C5688 /* Debug */ = {
			isa = XCBuildConfiguration;
			buildSettings = {
				ALWAYS_SEARCH_USER_PATHS = NO;
				CLANG_CXX_LANGUAGE_STANDARD = "gnu++0x";
				CLANG_CXX_LIBRARY = "libc++";
				CLANG_ENABLE_MODULES = YES;
				CLANG_ENABLE_OBJC_ARC = YES;
				CLANG_WARN_BOOL_CONVERSION = YES;
				CLANG_WARN_CONSTANT_CONVERSION = YES;
				CLANG_WARN_DIRECT_OBJC_ISA_USAGE = YES_ERROR;
				CLANG_WARN_EMPTY_BODY = YES;
				CLANG_WARN_ENUM_CONVERSION = YES;
				CLANG_WARN_INT_CONVERSION = YES;
				CLANG_WARN_OBJC_ROOT_CLASS = YES_ERROR;
				CLANG_WARN_UNREACHABLE_CODE = YES;
				CLANG_WARN__DUPLICATE_METHOD_MATCH = YES;
				"CODE_SIGN_IDENTITY[sdk=iphoneos*]" = "iPhone Developer";
				COPY_PHASE_STRIP = NO;
				DEBUG_INFORMATION_FORMAT = dwarf;
				ENABLE_STRICT_OBJC_MSGSEND = YES;
				ENABLE_TESTABILITY = YES;
				GCC_C_LANGUAGE_STANDARD = gnu99;
				GCC_DYNAMIC_NO_PIC = NO;
				GCC_NO_COMMON_BLOCKS = YES;
				GCC_OPTIMIZATION_LEVEL = 0;
				GCC_PREPROCESSOR_DEFINITIONS = (
					"DEBUG=1",
					"$(inherited)",
				);
				GCC_WARN_64_TO_32_BIT_CONVERSION = YES;
				GCC_WARN_ABOUT_RETURN_TYPE = YES_ERROR;
				GCC_WARN_UNDECLARED_SELECTOR = YES;
				GCC_WARN_UNINITIALIZED_AUTOS = YES_AGGRESSIVE;
				GCC_WARN_UNUSED_FUNCTION = YES;
				GCC_WARN_UNUSED_VARIABLE = YES;
				IPHONEOS_DEPLOYMENT_TARGET = 9.1;
				MTL_ENABLE_DEBUG_INFO = YES;
				ONLY_ACTIVE_ARCH = YES;
				SDKROOT = iphoneos;
				TARGETED_DEVICE_FAMILY = "1,2";
			};
			name = Debug;
		};
		DDD588D01C2066C4003C5688 /* Release */ = {
			isa = XCBuildConfiguration;
			buildSettings = {
				ALWAYS_SEARCH_USER_PATHS = NO;
				CLANG_CXX_LANGUAGE_STANDARD = "gnu++0x";
				CLANG_CXX_LIBRARY = "libc++";
				CLANG_ENABLE_MODULES = YES;
				CLANG_ENABLE_OBJC_ARC = YES;
				CLANG_WARN_BOOL_CONVERSION = YES;
				CLANG_WARN_CONSTANT_CONVERSION = YES;
				CLANG_WARN_DIRECT_OBJC_ISA_USAGE = YES_ERROR;
				CLANG_WARN_EMPTY_BODY = YES;
				CLANG_WARN_ENUM_CONVERSION = YES;
				CLANG_WARN_INT_CONVERSION = YES;
				CLANG_WARN_OBJC_ROOT_CLASS = YES_ERROR;
				CLANG_WARN_UNREACHABLE_CODE = YES;
				CLANG_WARN__DUPLICATE_METHOD_MATCH = YES;
				"CODE_SIGN_IDENTITY[sdk=iphoneos*]" = "iPhone Developer";
				COPY_PHASE_STRIP = NO;
				DEBUG_INFORMATION_FORMAT = "dwarf-with-dsym";
				ENABLE_NS_ASSERTIONS = NO;
				ENABLE_STRICT_OBJC_MSGSEND = YES;
				GCC_C_LANGUAGE_STANDARD = gnu99;
				GCC_NO_COMMON_BLOCKS = YES;
				GCC_WARN_64_TO_32_BIT_CONVERSION = YES;
				GCC_WARN_ABOUT_RETURN_TYPE = YES_ERROR;
				GCC_WARN_UNDECLARED_SELECTOR = YES;
				GCC_WARN_UNINITIALIZED_AUTOS = YES_AGGRESSIVE;
				GCC_WARN_UNUSED_FUNCTION = YES;
				GCC_WARN_UNUSED_VARIABLE = YES;
				IPHONEOS_DEPLOYMENT_TARGET = 9.1;
				MTL_ENABLE_DEBUG_INFO = NO;
				SDKROOT = iphoneos;
				TARGETED_DEVICE_FAMILY = "1,2";
				VALIDATE_PRODUCT = YES;
			};
			name = Release;
		};
		DDD588D21C2066C4003C5688 /* Debug */ = {
			isa = XCBuildConfiguration;
			buildSettings = {
				ASSETCATALOG_COMPILER_APPICON_NAME = AppIcon;
				CODE_SIGN_IDENTITY = "iPhone Developer: Weizhe Yuan (D5U834H45C)";
				"CODE_SIGN_IDENTITY[sdk=iphoneos*]" = "iPhone Developer: Weizhe Yuan (D5U834H45C)";
				INFOPLIST_FILE = Scanner/Info.plist;
				IPHONEOS_DEPLOYMENT_TARGET = 8.0;
				LD_RUNPATH_SEARCH_PATHS = "$(inherited) @executable_path/Frameworks";
				PRODUCT_BUNDLE_IDENTIFIER = com.zcdhqy;
				PRODUCT_NAME = "$(TARGET_NAME)";
				PROVISIONING_PROFILE = "";
			};
			name = Debug;
		};
		DDD588D31C2066C4003C5688 /* Release */ = {
			isa = XCBuildConfiguration;
			buildSettings = {
				ASSETCATALOG_COMPILER_APPICON_NAME = AppIcon;
				CODE_SIGN_IDENTITY = "iPhone Developer: Weizhe Yuan (D5U834H45C)";
				"CODE_SIGN_IDENTITY[sdk=iphoneos*]" = "iPhone Developer: Weizhe Yuan (D5U834H45C)";
				INFOPLIST_FILE = Scanner/Info.plist;
				IPHONEOS_DEPLOYMENT_TARGET = 8.0;
				LD_RUNPATH_SEARCH_PATHS = "$(inherited) @executable_path/Frameworks";
				PRODUCT_BUNDLE_IDENTIFIER = com.zcdhqy;
				PRODUCT_NAME = "$(TARGET_NAME)";
				PROVISIONING_PROFILE = "";
			};
			name = Release;
		};
		DDD588D51C2066C4003C5688 /* Debug */ = {
			isa = XCBuildConfiguration;
			buildSettings = {
				BUNDLE_LOADER = "$(TEST_HOST)";
				INFOPLIST_FILE = ScannerTests/Info.plist;
				LD_RUNPATH_SEARCH_PATHS = "$(inherited) @executable_path/Frameworks @loader_path/Frameworks";
				PRODUCT_BUNDLE_IDENTIFIER = HJR.ScannerTests;
				PRODUCT_NAME = "$(TARGET_NAME)";
				TEST_HOST = "$(BUILT_PRODUCTS_DIR)/Scanner.app/Scanner";
			};
			name = Debug;
		};
		DDD588D61C2066C4003C5688 /* Release */ = {
			isa = XCBuildConfiguration;
			buildSettings = {
				BUNDLE_LOADER = "$(TEST_HOST)";
				INFOPLIST_FILE = ScannerTests/Info.plist;
				LD_RUNPATH_SEARCH_PATHS = "$(inherited) @executable_path/Frameworks @loader_path/Frameworks";
				PRODUCT_BUNDLE_IDENTIFIER = HJR.ScannerTests;
				PRODUCT_NAME = "$(TARGET_NAME)";
				TEST_HOST = "$(BUILT_PRODUCTS_DIR)/Scanner.app/Scanner";
			};
			name = Release;
		};
		DDD588D81C2066C4003C5688 /* Debug */ = {
			isa = XCBuildConfiguration;
			buildSettings = {
				INFOPLIST_FILE = ScannerUITests/Info.plist;
				LD_RUNPATH_SEARCH_PATHS = "$(inherited) @executable_path/Frameworks @loader_path/Frameworks";
				PRODUCT_BUNDLE_IDENTIFIER = HJR.ScannerUITests;
				PRODUCT_NAME = "$(TARGET_NAME)";
				TEST_TARGET_NAME = Scanner;
				USES_XCTRUNNER = YES;
			};
			name = Debug;
		};
		DDD588D91C2066C4003C5688 /* Release */ = {
			isa = XCBuildConfiguration;
			buildSettings = {
				INFOPLIST_FILE = ScannerUITests/Info.plist;
				LD_RUNPATH_SEARCH_PATHS = "$(inherited) @executable_path/Frameworks @loader_path/Frameworks";
				PRODUCT_BUNDLE_IDENTIFIER = HJR.ScannerUITests;
				PRODUCT_NAME = "$(TARGET_NAME)";
				TEST_TARGET_NAME = Scanner;
				USES_XCTRUNNER = YES;
			};
			name = Release;
		};
/* End XCBuildConfiguration section */

/* Begin XCConfigurationList section */
		DDD5889F1C2066C4003C5688 /* Build configuration list for PBXProject "Scanner" */ = {
			isa = XCConfigurationList;
			buildConfigurations = (
				DDD588CF1C2066C4003C5688 /* Debug */,
				DDD588D01C2066C4003C5688 /* Release */,
			);
			defaultConfigurationIsVisible = 0;
			defaultConfigurationName = Release;
		};
		DDD588D11C2066C4003C5688 /* Build configuration list for PBXNativeTarget "Scanner" */ = {
			isa = XCConfigurationList;
			buildConfigurations = (
				DDD588D21C2066C4003C5688 /* Debug */,
				DDD588D31C2066C4003C5688 /* Release */,
			);
			defaultConfigurationIsVisible = 0;
			defaultConfigurationName = Release;
		};
		DDD588D41C2066C4003C5688 /* Build configuration list for PBXNativeTarget "ScannerTests" */ = {
			isa = XCConfigurationList;
			buildConfigurations = (
				DDD588D51C2066C4003C5688 /* Debug */,
				DDD588D61C2066C4003C5688 /* Release */,
			);
			defaultConfigurationIsVisible = 0;
			defaultConfigurationName = Release;
		};
		DDD588D71C2066C4003C5688 /* Build configuration list for PBXNativeTarget "ScannerUITests" */ = {
			isa = XCConfigurationList;
			buildConfigurations = (
				DDD588D81C2066C4003C5688 /* Debug */,
				DDD588D91C2066C4003C5688 /* Release */,
			);
			defaultConfigurationIsVisible = 0;
			defaultConfigurationName = Release;
		};
/* End XCConfigurationList section */
	};
	rootObject = DDD5889C1C2066C4003C5688 /* Project object */;
}
